
Microsoft Visual Studio Solution File, Format Version 12.00
# Visual Studio Version 17
VisualStudioVersion = 17.9.34616.47
MinimumVisualStudioVersion = 10.0.40219.1
Project("{FAE04EC0-301F-11D3-BF4B-00C04F79EFBC}") = "AspNetCoreEmpty", "AspNetCoreEmpty\AspNetCoreEmpty.csproj", "{06E5EC12-7C03-4DDA-B5E8-05E035BDD59B}"
EndProject
Global
	GlobalSection(SolutionConfigurationPlatforms) = preSolution
		Debug|Any CPU = Debug|Any CPU
		Release|Any CPU = Release|Any CPU
	EndGlobalSection
	GlobalSection(ProjectConfigurationPlatforms) = postSolution
		{06E5EC12-7C03-4DDA-B5E8-05E035BDD59B}.Debug|Any CPU.ActiveCfg = Debug|Any CPU
		{06E5EC12-7C03-4DDA-B5E8-05E035BDD59B}.Debug|Any CPU.Build.0 = Debug|Any CPU
		{06E5EC12-7C03-4DDA-B5E8-05E035BDD59B}.Release|Any CPU.ActiveCfg = Release|Any CPU
		{06E5EC12-7C03-4DDA-B5E8-05E035BDD59B}.Release|Any CPU.Build.0 = Release|Any CPU
	EndGlobalSection
	GlobalSection(SolutionProperties) = preSolution
		HideSolutionNode = FALSE
	EndGlobalSection
	GlobalSection(ExtensibilityGlobals) = postSolution
		SolutionGuid = {7C4185B6-6C5A-4C23-9C83-73E2A837A6B0}
	EndGlobalSection
EndGlobal
